
Microsoft Visual Studio Solution File, Format Version 12.00
# Visual Studio Version 16
VisualStudioVersion = 16.0.31410.357
MinimumVisualStudioVersion = 10.0.40219.1
Project("{FAE04EC0-301F-11D3-BF4B-00C04F79EFBC}") = "JuanAndSenzoHangmanGame", "JuanAndSenzoHangmanGame\JuanAndSenzoHangmanGame.csproj", "{9B00362E-60A9-43E4-B72A-583D3E8CFFC5}"
EndProject
Project("{54435603-DBB4-11D2-8724-00A0C9A8B90C}") = "JuanAndSenzoHangmanGame Setup", "JuanAndSenzoHangmanGame Setup\JuanAndSenzoHangmanGame Setup.vdproj", "{1A580CDB-D061-4D51-AEF1-AB4A6B9077E3}"
EndProject
Global
	GlobalSection(SolutionConfigurationPlatforms) = preSolution
		Debug|Any CPU = Debug|Any CPU
		Release|Any CPU = Release|Any CPU
	EndGlobalSection
	GlobalSection(ProjectConfigurationPlatforms) = postSolution
		{9B00362E-60A9-43E4-B72A-583D3E8CFFC5}.Debug|Any CPU.ActiveCfg = Debug|Any CPU
		{9B00362E-60A9-43E4-B72A-583D3E8CFFC5}.Debug|Any CPU.Build.0 = Debug|Any CPU
		{9B00362E-60A9-43E4-B72A-583D3E8CFFC5}.Release|Any CPU.ActiveCfg = Release|Any CPU
		{9B00362E-60A9-43E4-B72A-583D3E8CFFC5}.Release|Any CPU.Build.0 = Release|Any CPU
		{1A580CDB-D061-4D51-AEF1-AB4A6B9077E3}.Debug|Any CPU.ActiveCfg = Debug
		{1A580CDB-D061-4D51-AEF1-AB4A6B9077E3}.Release|Any CPU.ActiveCfg = Release
	EndGlobalSection
	GlobalSection(SolutionProperties) = preSolution
		HideSolutionNode = FALSE
	EndGlobalSection
	GlobalSection(ExtensibilityGlobals) = postSolution
		SolutionGuid = {05FA02ED-1304-43F6-86C6-FCC99B08A762}
	EndGlobalSection
EndGlobal
